<?xml version="1.0" encoding="utf-8"?>
<Project ToolsVersion="4.0" xmlns="http://schemas.microsoft.com/developer/msbuild/2003">
  <ItemGroup>
    <Filter Include="源文件">
      <UniqueIdentifier>{4FC737F1-C7A5-4376-A066-2A32D752A2FF}</UniqueIdentifier>
      <Extensions>cpp;c;cc;cxx;c++;cppm;ixx;def;odl;idl;hpj;bat;asm;asmx</Extensions>
    </Filter>
    <Filter Include="头文件">
      <UniqueIdentifier>{93995380-89BD-4b04-88EB-625FBE52EBFB}</UniqueIdentifier>
      <Extensions>h;hh;hpp;hxx;h++;hm;inl;inc;ipp;xsd</Extensions>
    </Filter>
    <Filter Include="资源文件">
      <UniqueIdentifier>{67DA6AB6-F800-4c08-8B7A-83BB121AAD01}</UniqueIdentifier>
      <Extensions>rc;ico;cur;bmp;dlg;rc2;rct;bin;rgs;gif;jpg;jpeg;jpe;resx;tiff;tif;png;wav;mfcribbon-ms</Extensions>
    </Filter>
  </ItemGroup>
  <ItemGroup>
    <ClCompile Include="HelloGame.cpp">
      <Filter>源文件</Filter>
    </ClCompile>
    <ClCompile Include="Scripts\Actor\Ball.cpp">
      <Filter>源文件</Filter>
    </ClCompile>
    <ClCompile Include="Scripts\Actor\Bar.cpp">
      <Filter>源文件</Filter>
    </ClCompile>
    <ClCompile Include="Scripts\Actor\Gate.cpp">
      <Filter>源文件</Filter>
    </ClCompile>
    <ClCompile Include="Scripts\Scene\MainScene.cpp">
      <Filter>源文件</Filter>
    </ClCompile>
    <ClCompile Include="Scripts\System\System.cpp">
      <Filter>源文件</Filter>
    </ClCompile>
    <ClCompile Include="Scripts\System\Text.cpp">
      <Filter>源文件</Filter>
    </ClCompile>
    <ClCompile Include="..\..\source\BDXKEditor\Base\Editor\ComponentEditor.cpp">
      <Filter>源文件</Filter>
    </ClCompile>
    <ClCompile Include="..\..\source\BDXKEditor\Base\Editor\Core\Editor.cpp">
      <Filter>源文件</Filter>
    </ClCompile>
    <ClCompile Include="..\..\source\BDXKEditor\Base\Editor\Core\GUITransferer.cpp">
      <Filter>源文件</Filter>
    </ClCompile>
    <ClCompile Include="..\..\source\BDXKEditor\Base\Editor\GameObjectEditor.cpp">
      <Filter>源文件</Filter>
    </ClCompile>
    <ClCompile Include="..\..\source\BDXKEditor\Base\Editor\MaterialEditor.cpp">
      <Filter>源文件</Filter>
    </ClCompile>
    <ClCompile Include="..\..\source\BDXKEditor\Base\Importer\AudioClipImporter.cpp">
      <Filter>源文件</Filter>
    </ClCompile>
    <ClCompile Include="..\..\source\BDXKEditor\Base\Importer\Core\Importer.cpp">
      <Filter>源文件</Filter>
    </ClCompile>
    <ClCompile Include="..\..\source\BDXKEditor\Base\Importer\MeshImporter.cpp">
      <Filter>源文件</Filter>
    </ClCompile>
    <ClCompile Include="..\..\source\BDXKEditor\Base\Importer\ObjectImporter.cpp">
      <Filter>源文件</Filter>
    </ClCompile>
    <ClCompile Include="..\..\source\BDXKEditor\Base\Importer\SceneImporter.cpp">
      <Filter>源文件</Filter>
    </ClCompile>
    <ClCompile Include="..\..\source\BDXKEditor\Base\Importer\ShaderImporter.cpp">
      <Filter>源文件</Filter>
    </ClCompile>
    <ClCompile Include="..\..\source\BDXKEditor\Base\Importer\Texture2DImporter.cpp">
      <Filter>源文件</Filter>
    </ClCompile>
    <ClCompile Include="..\..\source\BDXKEditor\BDXKEditor.cpp">
      <Filter>源文件</Filter>
    </ClCompile>
    <ClCompile Include="..\..\source\BDXKEditor\Framework\EditorWindow\ConsoleWindow.cpp">
      <Filter>源文件</Filter>
    </ClCompile>
    <ClCompile Include="..\..\source\BDXKEditor\Framework\EditorWindow\Core\EditorWindow.cpp">
      <Filter>源文件</Filter>
    </ClCompile>
    <ClCompile Include="..\..\source\BDXKEditor\Framework\EditorWindow\GameWindow.cpp">
      <Filter>源文件</Filter>
    </ClCompile>
    <ClCompile Include="..\..\source\BDXKEditor\Framework\EditorWindow\HierarchyWindow.cpp">
      <Filter>源文件</Filter>
    </ClCompile>
    <ClCompile Include="..\..\source\BDXKEditor\Framework\EditorWindow\InspectorWindow.cpp">
      <Filter>源文件</Filter>
    </ClCompile>
    <ClCompile Include="..\..\source\BDXKEditor\Framework\EditorWindow\ProfilerWindow.cpp">
      <Filter>源文件</Filter>
    </ClCompile>
    <ClCompile Include="..\..\source\BDXKEditor\Framework\EditorWindow\ProjectWindow.cpp">
      <Filter>源文件</Filter>
    </ClCompile>
    <ClCompile Include="..\..\source\BDXKEditor\Framework\EditorWindow\SceneWindow.cpp">
      <Filter>源文件</Filter>
    </ClCompile>
    <ClCompile Include="..\..\source\BDXKEditor\Framework\Menu\Core\Menu.cpp">
      <Filter>源文件</Filter>
    </ClCompile>
    <ClCompile Include="..\..\source\BDXKEditor\Framework\Menu\CreateAssetMenu.cpp">
      <Filter>源文件</Filter>
    </ClCompile>
    <ClCompile Include="..\..\source\BDXKEditor\Framework\Menu\GameObjectMenu.cpp">
      <Filter>源文件</Filter>
    </ClCompile>
    <ClCompile Include="..\..\source\BDXKEditor\Framework\Menu\WindowMenu.cpp">
      <Filter>源文件</Filter>
    </ClCompile>
    <ClCompile Include="..\..\source\BDXKEditor\Function\Assets.cpp">
      <Filter>源文件</Filter>
    </ClCompile>
    <ClCompile Include="..\..\source\BDXKEditor\Function\AssetsBuiltIn.cpp">
      <Filter>源文件</Filter>
    </ClCompile>
    <ClCompile Include="..\..\source\BDXKEditor\Function\ProjectSettings.cpp">
      <Filter>源文件</Filter>
    </ClCompile>
    <ClCompile Include="..\..\source\BDXKEngine\Base\Data\Graphics\Color.cpp">
      <Filter>源文件</Filter>
    </ClCompile>
    <ClCompile Include="..\..\source\BDXKEngine\Base\Data\Graphics\Rect.cpp">
      <Filter>源文件</Filter>
    </ClCompile>
    <ClCompile Include="..\..\source\BDXKEngine\Base\Data\Guid\Guid.cpp">
      <Filter>源文件</Filter>
    </ClCompile>
    <ClCompile Include="..\..\source\BDXKEngine\Base\Data\Mathematics\Matrix\Matrix3x3.cpp">
      <Filter>源文件</Filter>
    </ClCompile>
    <ClCompile Include="..\..\source\BDXKEngine\Base\Data\Mathematics\Matrix\Matrix4x4.cpp">
      <Filter>源文件</Filter>
    </ClCompile>
    <ClCompile Include="..\..\source\BDXKEngine\Base\Data\Mathematics\Quaternion\Quaternion.cpp">
      <Filter>源文件</Filter>
    </ClCompile>
    <ClCompile Include="..\..\source\BDXKEngine\Base\Data\Mathematics\Vector\Vector2.cpp">
      <Filter>源文件</Filter>
    </ClCompile>
    <ClCompile Include="..\..\source\BDXKEngine\Base\Data\Mathematics\Vector\Vector3.cpp">
      <Filter>源文件</Filter>
    </ClCompile>
    <ClCompile Include="..\..\source\BDXKEngine\Base\Data\Mathematics\Vector\Vector4.cpp">
      <Filter>源文件</Filter>
    </ClCompile>
    <ClCompile Include="..\..\source\BDXKEngine\Base\Data\String\String.cpp">
      <Filter>源文件</Filter>
    </ClCompile>
    <ClCompile Include="..\..\source\BDXKEngine\Base\Object\Object.cpp">
      <Filter>源文件</Filter>
    </ClCompile>
    <ClCompile Include="..\..\source\BDXKEngine\Base\Object\Pointer\ObjectPtrBase.cpp">
      <Filter>源文件</Filter>
    </ClCompile>
    <ClCompile Include="..\..\source\BDXKEngine\Base\Object\Serializer\ObjectGuid.cpp">
      <Filter>源文件</Filter>
    </ClCompile>
    <ClCompile Include="..\..\source\BDXKEngine\Base\Object\Serializer\ObjectSerializer.cpp">
      <Filter>源文件</Filter>
    </ClCompile>
    <ClCompile Include="..\..\source\BDXKEngine\Base\Object\Transferer\ObjectPtrTransferer.cpp">
      <Filter>源文件</Filter>
    </ClCompile>
    <ClCompile Include="..\..\source\BDXKEngine\Base\Object\Transferer\ObjectTransferer.cpp">
      <Filter>源文件</Filter>
    </ClCompile>
    <ClCompile Include="..\..\source\BDXKEngine\Base\Package\Map.cpp">
      <Filter>源文件</Filter>
    </ClCompile>
    <ClCompile Include="..\..\source\BDXKEngine\Base\Reflection\Reflection.cpp">
      <Filter>源文件</Filter>
    </ClCompile>
    <ClCompile Include="..\..\source\BDXKEngine\Base\Reflection\Reflective.cpp">
      <Filter>源文件</Filter>
    </ClCompile>
    <ClCompile Include="..\..\source\BDXKEngine\Base\Reflection\Transferer.cpp">
      <Filter>源文件</Filter>
    </ClCompile>
    <ClCompile Include="..\..\source\BDXKEngine\Base\Serializer\Binary\BinaryReader.cpp">
      <Filter>源文件</Filter>
    </ClCompile>
    <ClCompile Include="..\..\source\BDXKEngine\Base\Serializer\Binary\BinaryWriter.cpp">
      <Filter>源文件</Filter>
    </ClCompile>
    <ClCompile Include="..\..\source\BDXKEngine\Base\Serializer\Core\IOTransferer.cpp">
      <Filter>源文件</Filter>
    </ClCompile>
    <ClCompile Include="..\..\source\BDXKEngine\Base\Serializer\Core\Serializer.cpp">
      <Filter>源文件</Filter>
    </ClCompile>
    <ClCompile Include="..\..\source\BDXKEngine\BDXKEngine.cpp">
      <Filter>源文件</Filter>
    </ClCompile>
    <ClCompile Include="..\..\source\BDXKEngine\Framework\Behavior\Animator.cpp">
      <Filter>源文件</Filter>
    </ClCompile>
    <ClCompile Include="..\..\source\BDXKEngine\Framework\Behavior\AudioSource.cpp">
      <Filter>源文件</Filter>
    </ClCompile>
    <ClCompile Include="..\..\source\BDXKEngine\Framework\Behavior\BehaviorEvent.cpp">
      <Filter>源文件</Filter>
    </ClCompile>
    <ClCompile Include="..\..\source\BDXKEngine\Framework\Behavior\Core\Behavior.cpp">
      <Filter>源文件</Filter>
    </ClCompile>
    <ClCompile Include="..\..\source\BDXKEngine\Framework\Core\Component.cpp">
      <Filter>源文件</Filter>
    </ClCompile>
    <ClCompile Include="..\..\source\BDXKEngine\Framework\Core\GameObject.cpp">
      <Filter>源文件</Filter>
    </ClCompile>
    <ClCompile Include="..\..\source\BDXKEngine\Framework\Core\ScriptableObject.cpp">
      <Filter>源文件</Filter>
    </ClCompile>
    <ClCompile Include="..\..\source\BDXKEngine\Framework\Core\Singleton.cpp">
      <Filter>源文件</Filter>
    </ClCompile>
    <ClCompile Include="..\..\source\BDXKEngine\Framework\Physics\Collider\BoxCollider.cpp">
      <Filter>源文件</Filter>
    </ClCompile>
    <ClCompile Include="..\..\source\BDXKEngine\Framework\Physics\Collider\Collider.cpp">
      <Filter>源文件</Filter>
    </ClCompile>
    <ClCompile Include="..\..\source\BDXKEngine\Framework\Physics\Collider\SphereCollider.cpp">
      <Filter>源文件</Filter>
    </ClCompile>
    <ClCompile Include="..\..\source\BDXKEngine\Framework\Physics\Material\PhysicMaterial.cpp">
      <Filter>源文件</Filter>
    </ClCompile>
    <ClCompile Include="..\..\source\BDXKEngine\Framework\Physics\PhysicsEvent.cpp">
      <Filter>源文件</Filter>
    </ClCompile>
    <ClCompile Include="..\..\source\BDXKEngine\Framework\Physics\PhysicsSettings.cpp">
      <Filter>源文件</Filter>
    </ClCompile>
    <ClCompile Include="..\..\source\BDXKEngine\Framework\Physics\Rigidbody\Rigidbody.cpp">
      <Filter>源文件</Filter>
    </ClCompile>
    <ClCompile Include="..\..\source\BDXKEngine\Framework\Renderer\Core\Camera.cpp">
      <Filter>源文件</Filter>
    </ClCompile>
    <ClCompile Include="..\..\source\BDXKEngine\Framework\Renderer\Core\Light.cpp">
      <Filter>源文件</Filter>
    </ClCompile>
    <ClCompile Include="..\..\source\BDXKEngine\Framework\Renderer\Core\Renderer.cpp">
      <Filter>源文件</Filter>
    </ClCompile>
    <ClCompile Include="..\..\source\BDXKEngine\Framework\Renderer\Core\RenderSettings.cpp">
      <Filter>源文件</Filter>
    </ClCompile>
    <ClCompile Include="..\..\source\BDXKEngine\Framework\Renderer\MeshRenderer.cpp">
      <Filter>源文件</Filter>
    </ClCompile>
    <ClCompile Include="..\..\source\BDXKEngine\Framework\Renderer\RenderEvent.cpp">
      <Filter>源文件</Filter>
    </ClCompile>
    <ClCompile Include="..\..\source\BDXKEngine\Framework\Scene.cpp">
      <Filter>源文件</Filter>
    </ClCompile>
    <ClCompile Include="..\..\source\BDXKEngine\Function\Graphics\Graphics.cpp">
      <Filter>源文件</Filter>
    </ClCompile>
    <ClCompile Include="..\..\source\BDXKEngine\Function\Graphics\GraphicsInfo.cpp">
      <Filter>源文件</Filter>
    </ClCompile>
    <ClCompile Include="..\..\source\BDXKEngine\Function\Graphics\Material.cpp">
      <Filter>源文件</Filter>
    </ClCompile>
    <ClCompile Include="..\..\source\BDXKEngine\Function\Random\Random.cpp">
      <Filter>源文件</Filter>
    </ClCompile>
    <ClCompile Include="..\..\source\BDXKEngine\Function\Resources\Resources.cpp">
      <Filter>源文件</Filter>
    </ClCompile>
    <ClCompile Include="..\..\source\BDXKEngine\Function\Time\Time.cpp">
      <Filter>源文件</Filter>
    </ClCompile>
    <ClCompile Include="..\..\source\BDXKEngine\Function\Window\Cursor.cpp">
      <Filter>源文件</Filter>
    </ClCompile>
    <ClCompile Include="..\..\source\BDXKEngine\Function\Window\Input.cpp">
      <Filter>源文件</Filter>
    </ClCompile>
    <ClCompile Include="..\..\source\BDXKEngine\Function\Window\Screen.cpp">
      <Filter>源文件</Filter>
    </ClCompile>
    <ClCompile Include="..\..\source\BDXKEngine\Platform\Audio\AudioClip\AudioClip.cpp">
      <Filter>源文件</Filter>
    </ClCompile>
    <ClCompile Include="..\..\source\BDXKEngine\Platform\Audio\AudioClip\AudioClipImport.cpp">
      <Filter>源文件</Filter>
    </ClCompile>
    <ClCompile Include="..\..\source\BDXKEngine\Platform\Audio\AudioSourceVoice\AudioSourceVoice.cpp">
      <Filter>源文件</Filter>
    </ClCompile>
    <ClCompile Include="..\..\source\BDXKEngine\Platform\Audio\Core\Audio.cpp">
      <Filter>源文件</Filter>
    </ClCompile>
    <ClCompile Include="..\..\source\BDXKEngine\Platform\GL\Buffer\Buffer.cpp">
      <Filter>源文件</Filter>
    </ClCompile>
    <ClCompile Include="..\..\source\BDXKEngine\Platform\GL\Command\Bleed.cpp">
      <Filter>源文件</Filter>
    </ClCompile>
    <ClCompile Include="..\..\source\BDXKEngine\Platform\GL\Command\Cull.cpp">
      <Filter>源文件</Filter>
    </ClCompile>
    <ClCompile Include="..\..\source\BDXKEngine\Platform\GL\Command\ZTest.cpp">
      <Filter>源文件</Filter>
    </ClCompile>
    <ClCompile Include="..\..\source\BDXKEngine\Platform\GL\Core\GL.cpp">
      <Filter>源文件</Filter>
    </ClCompile>
    <ClCompile Include="..\..\source\BDXKEngine\Platform\GL\Mesh\Mesh.cpp">
      <Filter>源文件</Filter>
    </ClCompile>
    <ClCompile Include="..\..\source\BDXKEngine\Platform\GL\Mesh\MeshImport.cpp">
      <Filter>源文件</Filter>
    </ClCompile>
    <ClCompile Include="..\..\source\BDXKEngine\Platform\GL\Shader\Shader.cpp">
      <Filter>源文件</Filter>
    </ClCompile>
    <ClCompile Include="..\..\source\BDXKEngine\Platform\GL\Shader\ShaderImport.cpp">
      <Filter>源文件</Filter>
    </ClCompile>
    <ClCompile Include="..\..\source\BDXKEngine\Platform\GL\Texture\Texture.cpp">
      <Filter>源文件</Filter>
    </ClCompile>
    <ClCompile Include="..\..\source\BDXKEngine\Platform\GL\Texture\Texture2D.cpp">
      <Filter>源文件</Filter>
    </ClCompile>
    <ClCompile Include="..\..\source\BDXKEngine\Platform\GL\Texture\TextureCube.cpp">
      <Filter>源文件</Filter>
    </ClCompile>
    <ClCompile Include="..\..\source\BDXKEngine\Platform\GL\Texture\TextureFormat.cpp">
      <Filter>源文件</Filter>
    </ClCompile>
    <ClCompile Include="..\..\source\BDXKEngine\Platform\GL\Texture\TextureImport.cpp">
      <Filter>源文件</Filter>
    </ClCompile>
    <ClCompile Include="..\..\source\BDXKEngine\Platform\GUI\GUI.cpp">
      <Filter>源文件</Filter>
    </ClCompile>
    <ClCompile Include="..\..\source\BDXKEngine\Platform\Phys\Phys.cpp">
      <Filter>源文件</Filter>
    </ClCompile>
    <ClCompile Include="..\..\source\BDXKEngine\Platform\Serialization\Serialization.cpp">
      <Filter>源文件</Filter>
    </ClCompile>
    <ClCompile Include="..\..\source\BDXKEngine\Platform\Serialization\SerializerExtension\Binary\BinaryReader2.cpp">
      <Filter>源文件</Filter>
    </ClCompile>
    <ClCompile Include="..\..\source\BDXKEngine\Platform\Serialization\SerializerExtension\Binary\BinaryWriter2.cpp">
      <Filter>源文件</Filter>
    </ClCompile>
    <ClCompile Include="..\..\source\BDXKEngine\Platform\Serialization\SerializerExtension\Json\JsonReader.cpp">
      <Filter>源文件</Filter>
    </ClCompile>
    <ClCompile Include="..\..\source\BDXKEngine\Platform\Serialization\SerializerExtension\Json\JsonTransferer.cpp">
      <Filter>源文件</Filter>
    </ClCompile>
    <ClCompile Include="..\..\source\BDXKEngine\Platform\Serialization\SerializerExtension\Json\JsonWriter.cpp">
      <Filter>源文件</Filter>
    </ClCompile>
    <ClCompile Include="..\..\source\BDXKEngine\Platform\Window\Window.cpp">
      <Filter>源文件</Filter>
    </ClCompile>
  </ItemGroup>
  <ItemGroup>
    <ClInclude Include="Scripts\Actor\Ball.h">
      <Filter>头文件</Filter>
    </ClInclude>
    <ClInclude Include="Scripts\Actor\Bar.h">
      <Filter>头文件</Filter>
    </ClInclude>
    <ClInclude Include="Scripts\Actor\Gate.h">
      <Filter>头文件</Filter>
    </ClInclude>
    <ClInclude Include="Scripts\Scene\MainScene.h">
      <Filter>头文件</Filter>
    </ClInclude>
    <ClInclude Include="Scripts\System\System.h">
      <Filter>头文件</Filter>
    </ClInclude>
    <ClInclude Include="Scripts\System\Text.h">
      <Filter>头文件</Filter>
    </ClInclude>
    <ClInclude Include="..\..\source\BDXKEditor\Base\Editor\ComponentEditor.h">
      <Filter>头文件</Filter>
    </ClInclude>
    <ClInclude Include="..\..\source\BDXKEditor\Base\Editor\Core\Editor.h">
      <Filter>头文件</Filter>
    </ClInclude>
    <ClInclude Include="..\..\source\BDXKEditor\Base\Editor\Core\GUITransferer.h">
      <Filter>头文件</Filter>
    </ClInclude>
    <ClInclude Include="..\..\source\BDXKEditor\Base\Editor\GameObjectEditor.h">
      <Filter>头文件</Filter>
    </ClInclude>
    <ClInclude Include="..\..\source\BDXKEditor\Base\Editor\MaterialEditor.h">
      <Filter>头文件</Filter>
    </ClInclude>
    <ClInclude Include="..\..\source\BDXKEditor\Base\Importer\AudioClipImporter.h">
      <Filter>头文件</Filter>
    </ClInclude>
    <ClInclude Include="..\..\source\BDXKEditor\Base\Importer\Core\Importer.h">
      <Filter>头文件</Filter>
    </ClInclude>
    <ClInclude Include="..\..\source\BDXKEditor\Base\Importer\MeshImporter.h">
      <Filter>头文件</Filter>
    </ClInclude>
    <ClInclude Include="..\..\source\BDXKEditor\Base\Importer\ObjectImporter.h">
      <Filter>头文件</Filter>
    </ClInclude>
    <ClInclude Include="..\..\source\BDXKEditor\Base\Importer\SceneImporter.h">
      <Filter>头文件</Filter>
    </ClInclude>
    <ClInclude Include="..\..\source\BDXKEditor\Base\Importer\ShaderImporter.h">
      <Filter>头文件</Filter>
    </ClInclude>
    <ClInclude Include="..\..\source\BDXKEditor\Base\Importer\Texture2DImporter.h">
      <Filter>头文件</Filter>
    </ClInclude>
    <ClInclude Include="..\..\source\BDXKEditor\BDXKEditor.h">
      <Filter>头文件</Filter>
    </ClInclude>
    <ClInclude Include="..\..\source\BDXKEditor\Framework\EditorWindow\ConsoleWindow.h">
      <Filter>头文件</Filter>
    </ClInclude>
    <ClInclude Include="..\..\source\BDXKEditor\Framework\EditorWindow\Core\EditorWindow.h">
      <Filter>头文件</Filter>
    </ClInclude>
    <ClInclude Include="..\..\source\BDXKEditor\Framework\EditorWindow\GameWindow.h">
      <Filter>头文件</Filter>
    </ClInclude>
    <ClInclude Include="..\..\source\BDXKEditor\Framework\EditorWindow\HierarchyWindow.h">
      <Filter>头文件</Filter>
    </ClInclude>
    <ClInclude Include="..\..\source\BDXKEditor\Framework\EditorWindow\InspectorWindow.h">
      <Filter>头文件</Filter>
    </ClInclude>
    <ClInclude Include="..\..\source\BDXKEditor\Framework\EditorWindow\ProfilerWindow.h">
      <Filter>头文件</Filter>
    </ClInclude>
    <ClInclude Include="..\..\source\BDXKEditor\Framework\EditorWindow\ProjectWindow.h">
      <Filter>头文件</Filter>
    </ClInclude>
    <ClInclude Include="..\..\source\BDXKEditor\Framework\EditorWindow\SceneWindow.h">
      <Filter>头文件</Filter>
    </ClInclude>
    <ClInclude Include="..\..\source\BDXKEditor\Framework\Menu\Core\Menu.h">
      <Filter>头文件</Filter>
    </ClInclude>
    <ClInclude Include="..\..\source\BDXKEditor\Framework\Menu\CreateAssetMenu.h">
      <Filter>头文件</Filter>
    </ClInclude>
    <ClInclude Include="..\..\source\BDXKEditor\Framework\Menu\GameObjectMenu.h">
      <Filter>头文件</Filter>
    </ClInclude>
    <ClInclude Include="..\..\source\BDXKEditor\Framework\Menu\WindowMenu.h">
      <Filter>头文件</Filter>
    </ClInclude>
    <ClInclude Include="..\..\source\BDXKEditor\Function\Assets.h">
      <Filter>头文件</Filter>
    </ClInclude>
    <ClInclude Include="..\..\source\BDXKEditor\Function\AssetsBuiltIn.h">
      <Filter>头文件</Filter>
    </ClInclude>
    <ClInclude Include="..\..\source\BDXKEditor\Function\ProjectSettings.h">
      <Filter>头文件</Filter>
    </ClInclude>
    <ClInclude Include="..\..\source\BDXKEngine\Base\Data\Graphics\Color.h">
      <Filter>头文件</Filter>
    </ClInclude>
    <ClInclude Include="..\..\source\BDXKEngine\Base\Data\Graphics\Rect.h">
      <Filter>头文件</Filter>
    </ClInclude>
    <ClInclude Include="..\..\source\BDXKEngine\Base\Data\Guid\Guid.h">
      <Filter>头文件</Filter>
    </ClInclude>
    <ClInclude Include="..\..\source\BDXKEngine\Base\Data\Mathematics\Math.h">
      <Filter>头文件</Filter>
    </ClInclude>
    <ClInclude Include="..\..\source\BDXKEngine\Base\Data\Mathematics\Matrix\Matrix3x3.h">
      <Filter>头文件</Filter>
    </ClInclude>
    <ClInclude Include="..\..\source\BDXKEngine\Base\Data\Mathematics\Matrix\Matrix4x4.h">
      <Filter>头文件</Filter>
    </ClInclude>
    <ClInclude Include="..\..\source\BDXKEngine\Base\Data\Mathematics\Quaternion\Quaternion.h">
      <Filter>头文件</Filter>
    </ClInclude>
    <ClInclude Include="..\..\source\BDXKEngine\Base\Data\Mathematics\Vector\Vector2.h">
      <Filter>头文件</Filter>
    </ClInclude>
    <ClInclude Include="..\..\source\BDXKEngine\Base\Data\Mathematics\Vector\Vector3.h">
      <Filter>头文件</Filter>
    </ClInclude>
    <ClInclude Include="..\..\source\BDXKEngine\Base\Data\Mathematics\Vector\Vector4.h">
      <Filter>头文件</Filter>
    </ClInclude>
    <ClInclude Include="..\..\source\BDXKEngine\Base\Data\String\String.h">
      <Filter>头文件</Filter>
    </ClInclude>
    <ClInclude Include="..\..\source\BDXKEngine\Base\Object\Object.h">
      <Filter>头文件</Filter>
    </ClInclude>
    <ClInclude Include="..\..\source\BDXKEngine\Base\Object\Pointer\ObjectPtr.h">
      <Filter>头文件</Filter>
    </ClInclude>
    <ClInclude Include="..\..\source\BDXKEngine\Base\Object\Pointer\ObjectPtrBase.h">
      <Filter>头文件</Filter>
    </ClInclude>
    <ClInclude Include="..\..\source\BDXKEngine\Base\Object\Serializer\ObjectGuid.h">
      <Filter>头文件</Filter>
    </ClInclude>
    <ClInclude Include="..\..\source\BDXKEngine\Base\Object\Serializer\ObjectSerializer.h">
      <Filter>头文件</Filter>
    </ClInclude>
    <ClInclude Include="..\..\source\BDXKEngine\Base\Object\Transferer\ObjectPtrTransferer.h">
      <Filter>头文件</Filter>
    </ClInclude>
    <ClInclude Include="..\..\source\BDXKEngine\Base\Object\Transferer\ObjectTransferer.h">
      <Filter>头文件</Filter>
    </ClInclude>
    <ClInclude Include="..\..\source\BDXKEngine\Base\Package\Map.h">
      <Filter>头文件</Filter>
    </ClInclude>
    <ClInclude Include="..\..\source\BDXKEngine\Base\Reflection\Reflection.h">
      <Filter>头文件</Filter>
    </ClInclude>
    <ClInclude Include="..\..\source\BDXKEngine\Base\Reflection\Reflective.h">
      <Filter>头文件</Filter>
    </ClInclude>
    <ClInclude Include="..\..\source\BDXKEngine\Base\Reflection\Transferer.h">
      <Filter>头文件</Filter>
    </ClInclude>
    <ClInclude Include="..\..\source\BDXKEngine\Base\Reflection\Type.h">
      <Filter>头文件</Filter>
    </ClInclude>
    <ClInclude Include="..\..\source\BDXKEngine\Base\Serializer\Binary\BinaryReader.h">
      <Filter>头文件</Filter>
    </ClInclude>
    <ClInclude Include="..\..\source\BDXKEngine\Base\Serializer\Binary\BinaryWriter.h">
      <Filter>头文件</Filter>
    </ClInclude>
    <ClInclude Include="..\..\source\BDXKEngine\Base\Serializer\Core\IOTransferer.h">
      <Filter>头文件</Filter>
    </ClInclude>
    <ClInclude Include="..\..\source\BDXKEngine\Base\Serializer\Core\Serializer.h">
      <Filter>头文件</Filter>
    </ClInclude>
    <ClInclude Include="..\..\source\BDXKEngine\BDXKEngine.h">
      <Filter>头文件</Filter>
    </ClInclude>
    <ClInclude Include="..\..\source\BDXKEngine\Framework\Behavior\Animator.h">
      <Filter>头文件</Filter>
    </ClInclude>
    <ClInclude Include="..\..\source\BDXKEngine\Framework\Behavior\AudioSource.h">
      <Filter>头文件</Filter>
    </ClInclude>
    <ClInclude Include="..\..\source\BDXKEngine\Framework\Behavior\BehaviorEvent.h">
      <Filter>头文件</Filter>
    </ClInclude>
    <ClInclude Include="..\..\source\BDXKEngine\Framework\Behavior\Core\Behavior.h">
      <Filter>头文件</Filter>
    </ClInclude>
    <ClInclude Include="..\..\source\BDXKEngine\Framework\Core\Component.h">
      <Filter>头文件</Filter>
    </ClInclude>
    <ClInclude Include="..\..\source\BDXKEngine\Framework\Core\GameObject.h">
      <Filter>头文件</Filter>
    </ClInclude>
    <ClInclude Include="..\..\source\BDXKEngine\Framework\Core\ScriptableObject.h">
      <Filter>头文件</Filter>
    </ClInclude>
    <ClInclude Include="..\..\source\BDXKEngine\Framework\Core\Singleton.h">
      <Filter>头文件</Filter>
    </ClInclude>
    <ClInclude Include="..\..\source\BDXKEngine\Framework\Physics\Collider\BoxCollider.h">
      <Filter>头文件</Filter>
    </ClInclude>
    <ClInclude Include="..\..\source\BDXKEngine\Framework\Physics\Collider\Collider.h">
      <Filter>头文件</Filter>
    </ClInclude>
    <ClInclude Include="..\..\source\BDXKEngine\Framework\Physics\Collider\SphereCollider.h">
      <Filter>头文件</Filter>
    </ClInclude>
    <ClInclude Include="..\..\source\BDXKEngine\Framework\Physics\Material\PhysicMaterial.h">
      <Filter>头文件</Filter>
    </ClInclude>
    <ClInclude Include="..\..\source\BDXKEngine\Framework\Physics\PhysicsEvent.h">
      <Filter>头文件</Filter>
    </ClInclude>
    <ClInclude Include="..\..\source\BDXKEngine\Framework\Physics\PhysicsSettings.h">
      <Filter>头文件</Filter>
    </ClInclude>
    <ClInclude Include="..\..\source\BDXKEngine\Framework\Physics\Rigidbody\Rigidbody.h">
      <Filter>头文件</Filter>
    </ClInclude>
    <ClInclude Include="..\..\source\BDXKEngine\Framework\Renderer\Core\Camera.h">
      <Filter>头文件</Filter>
    </ClInclude>
    <ClInclude Include="..\..\source\BDXKEngine\Framework\Renderer\Core\Light.h">
      <Filter>头文件</Filter>
    </ClInclude>
    <ClInclude Include="..\..\source\BDXKEngine\Framework\Renderer\Core\Renderer.h">
      <Filter>头文件</Filter>
    </ClInclude>
    <ClInclude Include="..\..\source\BDXKEngine\Framework\Renderer\Core\RenderSettings.h">
      <Filter>头文件</Filter>
    </ClInclude>
    <ClInclude Include="..\..\source\BDXKEngine\Framework\Renderer\MeshRenderer.h">
      <Filter>头文件</Filter>
    </ClInclude>
    <ClInclude Include="..\..\source\BDXKEngine\Framework\Renderer\RenderEvent.h">
      <Filter>头文件</Filter>
    </ClInclude>
    <ClInclude Include="..\..\source\BDXKEngine\Framework\Scene.h">
      <Filter>头文件</Filter>
    </ClInclude>
    <ClInclude Include="..\..\source\BDXKEngine\Function\Graphics\Graphics.h">
      <Filter>头文件</Filter>
    </ClInclude>
    <ClInclude Include="..\..\source\BDXKEngine\Function\Graphics\GraphicsInfo.h">
      <Filter>头文件</Filter>
    </ClInclude>
    <ClInclude Include="..\..\source\BDXKEngine\Function\Graphics\Material.h">
      <Filter>头文件</Filter>
    </ClInclude>
    <ClInclude Include="..\..\source\BDXKEngine\Function\Random\Random.h">
      <Filter>头文件</Filter>
    </ClInclude>
    <ClInclude Include="..\..\source\BDXKEngine\Function\Resources\Resources.h">
      <Filter>头文件</Filter>
    </ClInclude>
    <ClInclude Include="..\..\source\BDXKEngine\Function\Time\Time.h">
      <Filter>头文件</Filter>
    </ClInclude>
    <ClInclude Include="..\..\source\BDXKEngine\Function\Window\Cursor.h">
      <Filter>头文件</Filter>
    </ClInclude>
    <ClInclude Include="..\..\source\BDXKEngine\Function\Window\Input.h">
      <Filter>头文件</Filter>
    </ClInclude>
    <ClInclude Include="..\..\source\BDXKEngine\Function\Window\Screen.h">
      <Filter>头文件</Filter>
    </ClInclude>
    <ClInclude Include="..\..\source\BDXKEngine\Platform\Audio\AudioClip\AudioClip.h">
      <Filter>头文件</Filter>
    </ClInclude>
    <ClInclude Include="..\..\source\BDXKEngine\Platform\Audio\AudioClip\AudioClipImport.h">
      <Filter>头文件</Filter>
    </ClInclude>
    <ClInclude Include="..\..\source\BDXKEngine\Platform\Audio\AudioSourceVoice\AudioSourceVoice.h">
      <Filter>头文件</Filter>
    </ClInclude>
    <ClInclude Include="..\..\source\BDXKEngine\Platform\Audio\Core\Audio.h">
      <Filter>头文件</Filter>
    </ClInclude>
    <ClInclude Include="..\..\source\BDXKEngine\Platform\GL\Buffer\Buffer.h">
      <Filter>头文件</Filter>
    </ClInclude>
    <ClInclude Include="..\..\source\BDXKEngine\Platform\GL\Command\Blend.h">
      <Filter>头文件</Filter>
    </ClInclude>
    <ClInclude Include="..\..\source\BDXKEngine\Platform\GL\Command\Cull.h">
      <Filter>头文件</Filter>
    </ClInclude>
    <ClInclude Include="..\..\source\BDXKEngine\Platform\GL\Command\ZTest.h">
      <Filter>头文件</Filter>
    </ClInclude>
    <ClInclude Include="..\..\source\BDXKEngine\Platform\GL\Core\GL.h">
      <Filter>头文件</Filter>
    </ClInclude>
    <ClInclude Include="..\..\source\BDXKEngine\Platform\GL\Core\GLLayout.h">
      <Filter>头文件</Filter>
    </ClInclude>
    <ClInclude Include="..\..\source\BDXKEngine\Platform\GL\Mesh\Mesh.h">
      <Filter>头文件</Filter>
    </ClInclude>
    <ClInclude Include="..\..\source\BDXKEngine\Platform\GL\Mesh\MeshImport.h">
      <Filter>头文件</Filter>
    </ClInclude>
    <ClInclude Include="..\..\source\BDXKEngine\Platform\GL\Shader\Shader.h">
      <Filter>头文件</Filter>
    </ClInclude>
    <ClInclude Include="..\..\source\BDXKEngine\Platform\GL\Shader\ShaderImport.h">
      <Filter>头文件</Filter>
    </ClInclude>
    <ClInclude Include="..\..\source\BDXKEngine\Platform\GL\Texture\Texture.h">
      <Filter>头文件</Filter>
    </ClInclude>
    <ClInclude Include="..\..\source\BDXKEngine\Platform\GL\Texture\Texture2D.h">
      <Filter>头文件</Filter>
    </ClInclude>
    <ClInclude Include="..\..\source\BDXKEngine\Platform\GL\Texture\TextureCube.h">
      <Filter>头文件</Filter>
    </ClInclude>
    <ClInclude Include="..\..\source\BDXKEngine\Platform\GL\Texture\TextureFormat.h">
      <Filter>头文件</Filter>
    </ClInclude>
    <ClInclude Include="..\..\source\BDXKEngine\Platform\GL\Texture\TextureImport.h">
      <Filter>头文件</Filter>
    </ClInclude>
    <ClInclude Include="..\..\source\BDXKEngine\Platform\GUI\GUI.h">
      <Filter>头文件</Filter>
    </ClInclude>
    <ClInclude Include="..\..\source\BDXKEngine\Platform\Phys\Phys.h">
      <Filter>头文件</Filter>
    </ClInclude>
    <ClInclude Include="..\..\source\BDXKEngine\Platform\Serialization\Serialization.h">
      <Filter>头文件</Filter>
    </ClInclude>
    <ClInclude Include="..\..\source\BDXKEngine\Platform\Serialization\SerializerExtension\Binary\BinaryReader2.h">
      <Filter>头文件</Filter>
    </ClInclude>
    <ClInclude Include="..\..\source\BDXKEngine\Platform\Serialization\SerializerExtension\Binary\BinaryWriter2.h">
      <Filter>头文件</Filter>
    </ClInclude>
    <ClInclude Include="..\..\source\BDXKEngine\Platform\Serialization\SerializerExtension\Json\JsonReader.h">
      <Filter>头文件</Filter>
    </ClInclude>
    <ClInclude Include="..\..\source\BDXKEngine\Platform\Serialization\SerializerExtension\Json\JsonTransferer.h">
      <Filter>头文件</Filter>
    </ClInclude>
    <ClInclude Include="..\..\source\BDXKEngine\Platform\Serialization\SerializerExtension\Json\JsonWriter.h">
      <Filter>头文件</Filter>
    </ClInclude>
    <ClInclude Include="..\..\source\BDXKEngine\Platform\Window\Window.h">
      <Filter>头文件</Filter>
    </ClInclude>
  </ItemGroup>
</Project>