
Microsoft Visual Studio Solution File, Format Version 12.00
Project("{8BC9CEB8-8B4A-11D0-8D11-00A0C91BC942}") = "test", "test\test.vcxproj", "{EAB636F7-AF25-4A9C-AA9C-AC8401EE0A56}"
EndProject
Global
	GlobalSection(SolutionConfigurationPlatforms) = preSolution
		Debug|Any CPU = Debug|Any CPU
		Release|Any CPU = Release|Any CPU
	EndGlobalSection
	GlobalSection(ProjectConfigurationPlatforms) = postSolution
		{EAB636F7-AF25-4A9C-AA9C-AC8401EE0A56}.Debug|Any CPU.ActiveCfg = Debug|Win32
		{EAB636F7-AF25-4A9C-AA9C-AC8401EE0A56}.Debug|Any CPU.Build.0 = Debug|Win32
		{EAB636F7-AF25-4A9C-AA9C-AC8401EE0A56}.Release|Any CPU.ActiveCfg = Release|Win32
		{EAB636F7-AF25-4A9C-AA9C-AC8401EE0A56}.Release|Any CPU.Build.0 = Release|Win32
	EndGlobalSection
EndGlobal
