<?xml version="1.0" encoding="utf-8"?>
<Project ToolsVersion="4.0" xmlns="http://schemas.microsoft.com/developer/msbuild/2003">
  <ItemGroup>
    <Filter Include="Code">
      <UniqueIdentifier>{9614757e-ef39-4163-99af-7b8314c7f5e8}</UniqueIdentifier>
    </Filter>
    <Filter Include="Function">
      <UniqueIdentifier>{a6427add-cc35-491d-9624-b3a85d4a7be1}</UniqueIdentifier>
    </Filter>
    <Filter Include="Function\GameObject">
      <UniqueIdentifier>{708c58e9-7a34-4eb3-a4b9-afd60e967e5f}</UniqueIdentifier>
    </Filter>
    <Filter Include="Function\GameObject\Components">
      <UniqueIdentifier>{efbc0a8f-7e3c-433d-91f7-dec987a8b722}</UniqueIdentifier>
    </Filter>
    <Filter Include="Function\GameObject\Event">
      <UniqueIdentifier>{24e08028-7258-45fa-8add-dfe2f2b6ffc2}</UniqueIdentifier>
    </Filter>
    <Filter Include="Code\Helper">
      <UniqueIdentifier>{2546bae4-daf8-4c0f-90de-1cdeb0d2a97b}</UniqueIdentifier>
    </Filter>
    <Filter Include="Code\Window">
      <UniqueIdentifier>{8cea8b78-dd63-422a-a980-c68333cef0ae}</UniqueIdentifier>
    </Filter>
    <Filter Include="Code\Struct">
      <UniqueIdentifier>{83358320-5f20-4156-8a97-1824a489ad5d}</UniqueIdentifier>
    </Filter>
    <Filter Include="Code\Struct\Matrix">
      <UniqueIdentifier>{0bf330c7-487c-4b42-ab17-8f98883caebb}</UniqueIdentifier>
    </Filter>
    <Filter Include="Code\Struct\Vector">
      <UniqueIdentifier>{afa25b51-70a0-4044-a087-fd0881418a21}</UniqueIdentifier>
    </Filter>
    <Filter Include="Function\System">
      <UniqueIdentifier>{b0384e1e-c21c-4c3e-a89d-1923293665f1}</UniqueIdentifier>
    </Filter>
    <Filter Include="Function\System\Time">
      <UniqueIdentifier>{8dbeff17-481b-419c-b4a7-de8b3bc971d4}</UniqueIdentifier>
    </Filter>
    <Filter Include="Function\System\Input">
      <UniqueIdentifier>{e8cca2d0-356b-47f6-a4e0-e185030a9782}</UniqueIdentifier>
    </Filter>
    <Filter Include="Function\System\Display">
      <UniqueIdentifier>{fead64b7-bfd9-47de-b315-58f28798744d}</UniqueIdentifier>
    </Filter>
    <Filter Include="Function\System\Display\Gizmos">
      <UniqueIdentifier>{b8b52944-3719-41fb-b60b-6443768d1cd6}</UniqueIdentifier>
    </Filter>
    <Filter Include="Function\System\Display\GUI">
      <UniqueIdentifier>{fbaff9ef-e2fa-4665-95f1-c6ef33a7c0f7}</UniqueIdentifier>
    </Filter>
    <Filter Include="Function\System\Cursor">
      <UniqueIdentifier>{cd59c6e8-d10f-48de-bc4d-3f69621ae45f}</UniqueIdentifier>
    </Filter>
    <Filter Include="Function\System\Screen">
      <UniqueIdentifier>{df26c381-996c-474b-be0c-c8d18e0b904a}</UniqueIdentifier>
    </Filter>
    <Filter Include="Function\System\Graphics">
      <UniqueIdentifier>{0ca4261d-2e6a-44b2-a87e-2cbbdb5304b9}</UniqueIdentifier>
    </Filter>
    <Filter Include="Function\System\Graphics\Resource">
      <UniqueIdentifier>{ff41c842-872c-4b42-a00a-c821c9eccd4c}</UniqueIdentifier>
    </Filter>
    <Filter Include="Function\System\Graphics\Interface">
      <UniqueIdentifier>{f0569422-21a6-484a-b1bc-c258e4016c33}</UniqueIdentifier>
    </Filter>
  </ItemGroup>
  <ItemGroup>
    <ClCompile Include="Source\Window.cpp">
      <Filter>Code\Window</Filter>
    </ClCompile>
    <ClCompile Include="Source\WindowBase.cpp">
      <Filter>Code\Window</Filter>
    </ClCompile>
    <ClCompile Include="Source\Main.cpp" />
    <ClCompile Include="Source\GameObject.cpp">
      <Filter>Function\GameObject</Filter>
    </ClCompile>
    <ClCompile Include="Source\Vector2.cpp">
      <Filter>Code\Struct\Vector</Filter>
    </ClCompile>
    <ClCompile Include="Source\Transform.cpp">
      <Filter>Function\GameObject\Components</Filter>
    </ClCompile>
    <ClCompile Include="Source\Vector3.cpp">
      <Filter>Code\Struct\Vector</Filter>
    </ClCompile>
    <ClCompile Include="Source\Matrix4x4.cpp">
      <Filter>Code\Struct\Matrix</Filter>
    </ClCompile>
    <ClCompile Include="Source\Renderer.cpp">
      <Filter>Function\GameObject\Components</Filter>
    </ClCompile>
    <ClCompile Include="Source\Object.cpp">
      <Filter>Function\GameObject</Filter>
    </ClCompile>
    <ClCompile Include="Source\Debug.cpp">
      <Filter>Code\Helper</Filter>
    </ClCompile>
    <ClCompile Include="Source\Math.cpp">
      <Filter>Code\Helper</Filter>
    </ClCompile>
    <ClCompile Include="Source\String.cpp">
      <Filter>Code\Helper</Filter>
    </ClCompile>
    <ClCompile Include="Source\Matrix3x2.cpp">
      <Filter>Code\Struct\Matrix</Filter>
    </ClCompile>
    <ClCompile Include="Source\Graphics.cpp">
      <Filter>Function\System\Graphics</Filter>
    </ClCompile>
    <ClCompile Include="Source\Camera.cpp">
      <Filter>Function\GameObject\Components</Filter>
    </ClCompile>
    <ClCompile Include="Source\Cursor.cpp">
      <Filter>Function\System\Cursor</Filter>
    </ClCompile>
    <ClCompile Include="Source\Screen.cpp">
      <Filter>Function\System\Screen</Filter>
    </ClCompile>
    <ClCompile Include="Source\Time.cpp">
      <Filter>Function\System\Time</Filter>
    </ClCompile>
    <ClCompile Include="Source\Component.cpp">
      <Filter>Function\GameObject</Filter>
    </ClCompile>
    <ClCompile Include="Source\TickEvent.cpp">
      <Filter>Function\GameObject\Event</Filter>
    </ClCompile>
    <ClCompile Include="Source\MeshRenderer.cpp">
      <Filter>Function\GameObject\Components</Filter>
    </ClCompile>
    <ClCompile Include="Source\GL.cpp">
      <Filter>Function\System\Graphics\Interface</Filter>
    </ClCompile>
    <ClCompile Include="Source\Matrix3x3.cpp">
      <Filter>Code\Struct\Matrix</Filter>
    </ClCompile>
    <ClCompile Include="Source\Vector4.cpp">
      <Filter>Code\Struct\Vector</Filter>
    </ClCompile>
    <ClCompile Include="Source\Color.cpp">
      <Filter>Code\Struct</Filter>
    </ClCompile>
    <ClCompile Include="Source\Rect.cpp">
      <Filter>Code\Struct</Filter>
    </ClCompile>
    <ClCompile Include="Source\Input.cpp">
      <Filter>Function\System\Input</Filter>
    </ClCompile>
    <ClCompile Include="Source\GL2D.cpp">
      <Filter>Function\System\Graphics\Interface</Filter>
    </ClCompile>
    <ClCompile Include="Source\Mesh.cpp">
      <Filter>Function\System\Graphics\Resource</Filter>
    </ClCompile>
    <ClCompile Include="Source\Shader.cpp">
      <Filter>Function\System\Graphics\Resource</Filter>
    </ClCompile>
  </ItemGroup>
  <ItemGroup>
    <ClInclude Include="Source\WindowBase.h">
      <Filter>Code\Window</Filter>
    </ClInclude>
    <ClInclude Include="Source\Window.h">
      <Filter>Code\Window</Filter>
    </ClInclude>
    <ClInclude Include="Source\GameObject.h">
      <Filter>Function\GameObject</Filter>
    </ClInclude>
    <ClInclude Include="Source\Vector2.h">
      <Filter>Code\Struct\Vector</Filter>
    </ClInclude>
    <ClInclude Include="Source\Vector2Int.h">
      <Filter>Code\Struct\Vector</Filter>
    </ClInclude>
    <ClInclude Include="Source\Transform.h">
      <Filter>Function\GameObject\Components</Filter>
    </ClInclude>
    <ClInclude Include="Source\Vector3.h">
      <Filter>Code\Struct\Vector</Filter>
    </ClInclude>
    <ClInclude Include="Source\Matrix4x4.h">
      <Filter>Code\Struct\Matrix</Filter>
    </ClInclude>
    <ClInclude Include="Source\Renderer.h">
      <Filter>Function\GameObject\Components</Filter>
    </ClInclude>
    <ClInclude Include="Source\Object.h">
      <Filter>Function\GameObject</Filter>
    </ClInclude>
    <ClInclude Include="Source\Debug.h">
      <Filter>Code\Helper</Filter>
    </ClInclude>
    <ClInclude Include="Source\Math.h">
      <Filter>Code\Helper</Filter>
    </ClInclude>
    <ClInclude Include="Source\String.h">
      <Filter>Code\Helper</Filter>
    </ClInclude>
    <ClInclude Include="Source\Reflection.h">
      <Filter>Code\Helper</Filter>
    </ClInclude>
    <ClInclude Include="Source\Matrix3x2.h">
      <Filter>Code\Struct\Matrix</Filter>
    </ClInclude>
    <ClInclude Include="Source\Graphics.h">
      <Filter>Function\System\Graphics</Filter>
    </ClInclude>
    <ClInclude Include="Source\Camera.h">
      <Filter>Function\GameObject\Components</Filter>
    </ClInclude>
    <ClInclude Include="Source\BDXKEngine.h" />
    <ClInclude Include="Source\Cursor.h">
      <Filter>Function\System\Cursor</Filter>
    </ClInclude>
    <ClInclude Include="Source\Screen.h">
      <Filter>Function\System\Screen</Filter>
    </ClInclude>
    <ClInclude Include="Source\Time.h">
      <Filter>Function\System\Time</Filter>
    </ClInclude>
    <ClInclude Include="Source\Component.h">
      <Filter>Function\GameObject</Filter>
    </ClInclude>
    <ClInclude Include="Source\TickEvent.h">
      <Filter>Function\GameObject\Event</Filter>
    </ClInclude>
    <ClInclude Include="Source\MeshRenderer.h">
      <Filter>Function\GameObject\Components</Filter>
    </ClInclude>
    <ClInclude Include="Source\GL.h">
      <Filter>Function\System\Graphics\Interface</Filter>
    </ClInclude>
    <ClInclude Include="Source\Matrix3x3.h">
      <Filter>Code\Struct\Matrix</Filter>
    </ClInclude>
    <ClInclude Include="Source\Vector4.h">
      <Filter>Code\Struct\Vector</Filter>
    </ClInclude>
    <ClInclude Include="Source\Color.h">
      <Filter>Code\Struct</Filter>
    </ClInclude>
    <ClInclude Include="Source\Rect.h">
      <Filter>Code\Struct</Filter>
    </ClInclude>
    <ClInclude Include="Source\Test.h" />
    <ClInclude Include="Source\Input.h">
      <Filter>Function\System\Input</Filter>
    </ClInclude>
    <ClInclude Include="Source\GL2D.h">
      <Filter>Function\System\Graphics\Interface</Filter>
    </ClInclude>
    <ClInclude Include="Source\GLLayout.h">
      <Filter>Function\System\Graphics\Resource</Filter>
    </ClInclude>
    <ClInclude Include="Source\Mesh.h">
      <Filter>Function\System\Graphics\Resource</Filter>
    </ClInclude>
    <ClInclude Include="Source\Shader.h">
      <Filter>Function\System\Graphics\Resource</Filter>
    </ClInclude>
  </ItemGroup>
</Project>