<?xml version="1.0" encoding="utf-8"?>
<Project ToolsVersion="4.0" xmlns="http://schemas.microsoft.com/developer/msbuild/2003">
  <ItemGroup>
    <Filter Include="Code">
      <UniqueIdentifier>{9614757e-ef39-4163-99af-7b8314c7f5e8}</UniqueIdentifier>
    </Filter>
    <Filter Include="Function">
      <UniqueIdentifier>{a6427add-cc35-491d-9624-b3a85d4a7be1}</UniqueIdentifier>
    </Filter>
    <Filter Include="Function\GameObject">
      <UniqueIdentifier>{708c58e9-7a34-4eb3-a4b9-afd60e967e5f}</UniqueIdentifier>
    </Filter>
    <Filter Include="Function\GameObject\Components">
      <UniqueIdentifier>{efbc0a8f-7e3c-433d-91f7-dec987a8b722}</UniqueIdentifier>
    </Filter>
    <Filter Include="Function\GameObject\Event">
      <UniqueIdentifier>{24e08028-7258-45fa-8add-dfe2f2b6ffc2}</UniqueIdentifier>
    </Filter>
    <Filter Include="Code\Helper">
      <UniqueIdentifier>{2546bae4-daf8-4c0f-90de-1cdeb0d2a97b}</UniqueIdentifier>
    </Filter>
    <Filter Include="Code\Window">
      <UniqueIdentifier>{8cea8b78-dd63-422a-a980-c68333cef0ae}</UniqueIdentifier>
    </Filter>
    <Filter Include="Code\Struct">
      <UniqueIdentifier>{83358320-5f20-4156-8a97-1824a489ad5d}</UniqueIdentifier>
    </Filter>
    <Filter Include="Code\Struct\Matrix">
      <UniqueIdentifier>{0bf330c7-487c-4b42-ab17-8f98883caebb}</UniqueIdentifier>
    </Filter>
    <Filter Include="Code\Struct\Vector">
      <UniqueIdentifier>{afa25b51-70a0-4044-a087-fd0881418a21}</UniqueIdentifier>
    </Filter>
    <Filter Include="Function\System">
      <UniqueIdentifier>{b0384e1e-c21c-4c3e-a89d-1923293665f1}</UniqueIdentifier>
    </Filter>
    <Filter Include="Function\System\Time">
      <UniqueIdentifier>{8dbeff17-481b-419c-b4a7-de8b3bc971d4}</UniqueIdentifier>
    </Filter>
    <Filter Include="Function\System\Input">
      <UniqueIdentifier>{e8cca2d0-356b-47f6-a4e0-e185030a9782}</UniqueIdentifier>
    </Filter>
    <Filter Include="Function\System\Cursor">
      <UniqueIdentifier>{cd59c6e8-d10f-48de-bc4d-3f69621ae45f}</UniqueIdentifier>
    </Filter>
    <Filter Include="Function\System\Screen">
      <UniqueIdentifier>{df26c381-996c-474b-be0c-c8d18e0b904a}</UniqueIdentifier>
    </Filter>
    <Filter Include="Resource">
      <UniqueIdentifier>{ddeb776a-2c15-4811-afff-fd997ad4ce09}</UniqueIdentifier>
    </Filter>
    <Filter Include="Function\System\Display">
      <UniqueIdentifier>{0248b00f-b34b-4e23-bfe7-723577846442}</UniqueIdentifier>
    </Filter>
    <Filter Include="Function\System\Display\GUI">
      <UniqueIdentifier>{fbaff9ef-e2fa-4665-95f1-c6ef33a7c0f7}</UniqueIdentifier>
    </Filter>
    <Filter Include="Function\System\Display\Graphics">
      <UniqueIdentifier>{0ca4261d-2e6a-44b2-a87e-2cbbdb5304b9}</UniqueIdentifier>
    </Filter>
    <Filter Include="Function\System\Display\Graphics\Resource">
      <UniqueIdentifier>{ff41c842-872c-4b42-a00a-c821c9eccd4c}</UniqueIdentifier>
    </Filter>
    <Filter Include="Function\System\Display\Graphics\Interface">
      <UniqueIdentifier>{f0569422-21a6-484a-b1bc-c258e4016c33}</UniqueIdentifier>
    </Filter>
    <Filter Include="Function\System\Display\Gizmos">
      <UniqueIdentifier>{b8b52944-3719-41fb-b60b-6443768d1cd6}</UniqueIdentifier>
    </Filter>
  </ItemGroup>
  <ItemGroup>
    <ClCompile Include="Window.cpp">
      <Filter>Code\Window</Filter>
    </ClCompile>
    <ClCompile Include="WindowBase.cpp">
      <Filter>Code\Window</Filter>
    </ClCompile>
    <ClCompile Include="Main.cpp" />
    <ClCompile Include="GameObject.cpp">
      <Filter>Function\GameObject</Filter>
    </ClCompile>
    <ClCompile Include="Vector2.cpp">
      <Filter>Code\Struct\Vector</Filter>
    </ClCompile>
    <ClCompile Include="Transform.cpp">
      <Filter>Function\GameObject\Components</Filter>
    </ClCompile>
    <ClCompile Include="Vector3.cpp">
      <Filter>Code\Struct\Vector</Filter>
    </ClCompile>
    <ClCompile Include="Matrix4x4.cpp">
      <Filter>Code\Struct\Matrix</Filter>
    </ClCompile>
    <ClCompile Include="Renderer.cpp">
      <Filter>Function\GameObject\Components</Filter>
    </ClCompile>
    <ClCompile Include="Object.cpp">
      <Filter>Function\GameObject</Filter>
    </ClCompile>
    <ClCompile Include="Debug.cpp">
      <Filter>Code\Helper</Filter>
    </ClCompile>
    <ClCompile Include="Math.cpp">
      <Filter>Code\Helper</Filter>
    </ClCompile>
    <ClCompile Include="String.cpp">
      <Filter>Code\Helper</Filter>
    </ClCompile>
    <ClCompile Include="Matrix3x2.cpp">
      <Filter>Code\Struct\Matrix</Filter>
    </ClCompile>
    <ClCompile Include="Graphics.cpp">
      <Filter>Function\System\Display\Graphics</Filter>
    </ClCompile>
    <ClCompile Include="Camera.cpp">
      <Filter>Function\GameObject\Components</Filter>
    </ClCompile>
    <ClCompile Include="Cursor.cpp">
      <Filter>Function\System\Cursor</Filter>
    </ClCompile>
    <ClCompile Include="Screen.cpp">
      <Filter>Function\System\Screen</Filter>
    </ClCompile>
    <ClCompile Include="Time.cpp">
      <Filter>Function\System\Time</Filter>
    </ClCompile>
    <ClCompile Include="Component.cpp">
      <Filter>Function\GameObject</Filter>
    </ClCompile>
    <ClCompile Include="TickEvent.cpp">
      <Filter>Function\GameObject\Event</Filter>
    </ClCompile>
    <ClCompile Include="MeshRenderer.cpp">
      <Filter>Function\GameObject\Components</Filter>
    </ClCompile>
    <ClCompile Include="GL.cpp">
      <Filter>Function\System\Display\Graphics\Interface</Filter>
    </ClCompile>
    <ClCompile Include="Matrix3x3.cpp">
      <Filter>Code\Struct\Matrix</Filter>
    </ClCompile>
    <ClCompile Include="Vector4.cpp">
      <Filter>Code\Struct\Vector</Filter>
    </ClCompile>
    <ClCompile Include="Color.cpp">
      <Filter>Code\Struct</Filter>
    </ClCompile>
    <ClCompile Include="Rect.cpp">
      <Filter>Code\Struct</Filter>
    </ClCompile>
    <ClCompile Include="Input.cpp">
      <Filter>Function\System\Input</Filter>
    </ClCompile>
    <ClCompile Include="GL2D.cpp">
      <Filter>Function\System\Display\Graphics\Interface</Filter>
    </ClCompile>
    <ClCompile Include="Mesh.cpp">
      <Filter>Function\System\Display\Graphics\Resource</Filter>
    </ClCompile>
    <ClCompile Include="Shader.cpp">
      <Filter>Function\System\Display\Graphics\Resource</Filter>
    </ClCompile>
    <ClCompile Include="GUI.cpp">
      <Filter>Function\System\Display\GUI</Filter>
    </ClCompile>
    <ClCompile Include="Animator.cpp">
      <Filter>Function\GameObject\Components</Filter>
    </ClCompile>
    <ClCompile Include="Event.cpp">
      <Filter>Function\System\Display\GUI</Filter>
    </ClCompile>
    <ClCompile Include="MeshImporter.cpp">
      <Filter>Resource</Filter>
    </ClCompile>
  </ItemGroup>
  <ItemGroup>
    <ClInclude Include="WindowBase.h">
      <Filter>Code\Window</Filter>
    </ClInclude>
    <ClInclude Include="Window.h">
      <Filter>Code\Window</Filter>
    </ClInclude>
    <ClInclude Include="GameObject.h">
      <Filter>Function\GameObject</Filter>
    </ClInclude>
    <ClInclude Include="Vector2.h">
      <Filter>Code\Struct\Vector</Filter>
    </ClInclude>
    <ClInclude Include="Vector2Int.h">
      <Filter>Code\Struct\Vector</Filter>
    </ClInclude>
    <ClInclude Include="Transform.h">
      <Filter>Function\GameObject\Components</Filter>
    </ClInclude>
    <ClInclude Include="Vector3.h">
      <Filter>Code\Struct\Vector</Filter>
    </ClInclude>
    <ClInclude Include="Matrix4x4.h">
      <Filter>Code\Struct\Matrix</Filter>
    </ClInclude>
    <ClInclude Include="Renderer.h">
      <Filter>Function\GameObject\Components</Filter>
    </ClInclude>
    <ClInclude Include="Object.h">
      <Filter>Function\GameObject</Filter>
    </ClInclude>
    <ClInclude Include="Debug.h">
      <Filter>Code\Helper</Filter>
    </ClInclude>
    <ClInclude Include="Math.h">
      <Filter>Code\Helper</Filter>
    </ClInclude>
    <ClInclude Include="String.h">
      <Filter>Code\Helper</Filter>
    </ClInclude>
    <ClInclude Include="Reflection.h">
      <Filter>Code\Helper</Filter>
    </ClInclude>
    <ClInclude Include="Matrix3x2.h">
      <Filter>Code\Struct\Matrix</Filter>
    </ClInclude>
    <ClInclude Include="Graphics.h">
      <Filter>Function\System\Display\Graphics</Filter>
    </ClInclude>
    <ClInclude Include="Camera.h">
      <Filter>Function\GameObject\Components</Filter>
    </ClInclude>
    <ClInclude Include="BDXKEngine.h" />
    <ClInclude Include="Cursor.h">
      <Filter>Function\System\Cursor</Filter>
    </ClInclude>
    <ClInclude Include="Screen.h">
      <Filter>Function\System\Screen</Filter>
    </ClInclude>
    <ClInclude Include="Time.h">
      <Filter>Function\System\Time</Filter>
    </ClInclude>
    <ClInclude Include="Component.h">
      <Filter>Function\GameObject</Filter>
    </ClInclude>
    <ClInclude Include="TickEvent.h">
      <Filter>Function\GameObject\Event</Filter>
    </ClInclude>
    <ClInclude Include="MeshRenderer.h">
      <Filter>Function\GameObject\Components</Filter>
    </ClInclude>
    <ClInclude Include="GL.h">
      <Filter>Function\System\Display\Graphics\Interface</Filter>
    </ClInclude>
    <ClInclude Include="Matrix3x3.h">
      <Filter>Code\Struct\Matrix</Filter>
    </ClInclude>
    <ClInclude Include="Vector4.h">
      <Filter>Code\Struct\Vector</Filter>
    </ClInclude>
    <ClInclude Include="Color.h">
      <Filter>Code\Struct</Filter>
    </ClInclude>
    <ClInclude Include="Rect.h">
      <Filter>Code\Struct</Filter>
    </ClInclude>
    <ClInclude Include="Test.h" />
    <ClInclude Include="Input.h">
      <Filter>Function\System\Input</Filter>
    </ClInclude>
    <ClInclude Include="GL2D.h">
      <Filter>Function\System\Display\Graphics\Interface</Filter>
    </ClInclude>
    <ClInclude Include="GLLayout.h">
      <Filter>Function\System\Display\Graphics\Resource</Filter>
    </ClInclude>
    <ClInclude Include="Mesh.h">
      <Filter>Function\System\Display\Graphics\Resource</Filter>
    </ClInclude>
    <ClInclude Include="Shader.h">
      <Filter>Function\System\Display\Graphics\Resource</Filter>
    </ClInclude>
    <ClInclude Include="GUI.h">
      <Filter>Function\System\Display\GUI</Filter>
    </ClInclude>
    <ClInclude Include="Animator.h">
      <Filter>Function\GameObject\Components</Filter>
    </ClInclude>
    <ClInclude Include="Event.h">
      <Filter>Function\System\Display\GUI</Filter>
    </ClInclude>
    <ClInclude Include="MeshImporter.h">
      <Filter>Resource</Filter>
    </ClInclude>
  </ItemGroup>
</Project>